
Microsoft Visual Studio Solution File, Format Version 12.00
# Visual Studio Version 17
VisualStudioVersion = 17.3.32929.385
MinimumVisualStudioVersion = 10.0.40219.1
Project("{FAE04EC0-301F-11D3-BF4B-00C04F79EFBC}") = "PaySystem", "PaySystem\PaySystem.csproj", "{E1997A54-1380-4F3C-926E-73B19B24FD42}"
EndProject
Project("{FAE04EC0-301F-11D3-BF4B-00C04F79EFBC}") = "PaySystem.lib", "PaySystem.lib\PaySystem.lib.csproj", "{399071E2-4E48-4235-832A-DA116EC7F5BD}"
EndProject
Global
	GlobalSection(SolutionConfigurationPlatforms) = preSolution
		Debug|Any CPU = Debug|Any CPU
		Release|Any CPU = Release|Any CPU
	EndGlobalSection
	GlobalSection(ProjectConfigurationPlatforms) = postSolution
		{E1997A54-1380-4F3C-926E-73B19B24FD42}.Debug|Any CPU.ActiveCfg = Debug|Any CPU
		{E1997A54-1380-4F3C-926E-73B19B24FD42}.Debug|Any CPU.Build.0 = Debug|Any CPU
		{E1997A54-1380-4F3C-926E-73B19B24FD42}.Release|Any CPU.ActiveCfg = Release|Any CPU
		{E1997A54-1380-4F3C-926E-73B19B24FD42}.Release|Any CPU.Build.0 = Release|Any CPU
		{399071E2-4E48-4235-832A-DA116EC7F5BD}.Debug|Any CPU.ActiveCfg = Debug|Any CPU
		{399071E2-4E48-4235-832A-DA116EC7F5BD}.Debug|Any CPU.Build.0 = Debug|Any CPU
		{399071E2-4E48-4235-832A-DA116EC7F5BD}.Release|Any CPU.ActiveCfg = Release|Any CPU
		{399071E2-4E48-4235-832A-DA116EC7F5BD}.Release|Any CPU.Build.0 = Release|Any CPU
	EndGlobalSection
	GlobalSection(SolutionProperties) = preSolution
		HideSolutionNode = FALSE
	EndGlobalSection
	GlobalSection(ExtensibilityGlobals) = postSolution
		SolutionGuid = {C631F080-0A0F-437B-8661-23E4924B57EF}
	EndGlobalSection
EndGlobal
